
Microsoft Visual Studio Solution File, Format Version 12.00
# Visual Studio Version 16
VisualStudioVersion = 16.0.32106.194
MinimumVisualStudioVersion = 10.0.40219.1
Project("{8BC9CEB8-8B4A-11D0-8D11-00A0C91BC942}") = "ConsoleApplication2", "ConsoleApplication2.vcxproj", "{EF0AEEF9-B308-4704-93DC-80BA77444713}"
EndProject
Global
	GlobalSection(SolutionConfigurationPlatforms) = preSolution
		Debug|x64 = Debug|x64
		Debug|x86 = Debug|x86
		Release|x64 = Release|x64
		Release|x86 = Release|x86
	EndGlobalSection
	GlobalSection(ProjectConfigurationPlatforms) = postSolution
		{EF0AEEF9-B308-4704-93DC-80BA77444713}.Debug|x64.ActiveCfg = Debug|x64
		{EF0AEEF9-B308-4704-93DC-80BA77444713}.Debug|x64.Build.0 = Debug|x64
		{EF0AEEF9-B308-4704-93DC-80BA77444713}.Debug|x86.ActiveCfg = Debug|Win32
		{EF0AEEF9-B308-4704-93DC-80BA77444713}.Debug|x86.Build.0 = Debug|Win32
		{EF0AEEF9-B308-4704-93DC-80BA77444713}.Release|x64.ActiveCfg = Release|x64
		{EF0AEEF9-B308-4704-93DC-80BA77444713}.Release|x64.Build.0 = Release|x64
		{EF0AEEF9-B308-4704-93DC-80BA77444713}.Release|x86.ActiveCfg = Release|Win32
		{EF0AEEF9-B308-4704-93DC-80BA77444713}.Release|x86.Build.0 = Release|Win32
	EndGlobalSection
	GlobalSection(SolutionProperties) = preSolution
		HideSolutionNode = FALSE
	EndGlobalSection
	GlobalSection(ExtensibilityGlobals) = postSolution
		SolutionGuid = {1851162E-8653-4164-BEA8-8A3B5A2F921E}
	EndGlobalSection
EndGlobal
